// !$*UTF8*$!
{
	archiveVersion = 1;
	classes = {
	};
	objectVersion = 56;
	objects = {

/* Begin PBXBuildFile section */
		FB4308A22B19EF9B00AEAEC1 /* BeerApp.swift in Sources */ = {isa = PBXBuildFile; fileRef = FB4308A12B19EF9B00AEAEC1 /* BeerApp.swift */; };
		FB4308A42B19EF9B00AEAEC1 /* ContentView.swift in Sources */ = {isa = PBXBuildFile; fileRef = FB4308A32B19EF9B00AEAEC1 /* ContentView.swift */; };
		FB4308A62B19EF9B00AEAEC1 /* Assets.xcassets in Resources */ = {isa = PBXBuildFile; fileRef = FB4308A52B19EF9B00AEAEC1 /* Assets.xcassets */; };
		FB4308A92B19EF9B00AEAEC1 /* Preview Assets.xcassets in Resources */ = {isa = PBXBuildFile; fileRef = FB4308A82B19EF9B00AEAEC1 /* Preview Assets.xcassets */; };
		FB4308B32B19EF9C00AEAEC1 /* BeerTests.swift in Sources */ = {isa = PBXBuildFile; fileRef = FB4308B22B19EF9C00AEAEC1 /* BeerTests.swift */; };
		FB4308BD2B19EF9C00AEAEC1 /* BeerUITests.swift in Sources */ = {isa = PBXBuildFile; fileRef = FB4308BC2B19EF9C00AEAEC1 /* BeerUITests.swift */; };
		FB4308BF2B19EF9C00AEAEC1 /* BeerUITestsLaunchTests.swift in Sources */ = {isa = PBXBuildFile; fileRef = FB4308BE2B19EF9C00AEAEC1 /* BeerUITestsLaunchTests.swift */; };
		FB4308CE2B19F00E00AEAEC1 /* ManufacterDetailView.swift in Sources */ = {isa = PBXBuildFile; fileRef = FB4308CD2B19F00E00AEAEC1 /* ManufacterDetailView.swift */; };
		FB64E6102B335D9F000F0674 /* MView.swift in Sources */ = {isa = PBXBuildFile; fileRef = FB64E60F2B335D9F000F0674 /* MView.swift */; };
		FB64E6122B33657D000F0674 /* Beers.json in Resources */ = {isa = PBXBuildFile; fileRef = FB64E6112B33657D000F0674 /* Beers.json */; };
		FB64E6142B3366E7000F0674 /* Manufacters.json in Resources */ = {isa = PBXBuildFile; fileRef = FB64E6132B3366E6000F0674 /* Manufacters.json */; };
		FB64E6162B33672B000F0674 /* BeerScreen.storyboard in Resources */ = {isa = PBXBuildFile; fileRef = FB64E6152B33672B000F0674 /* BeerScreen.storyboard */; };
		FB9688492B344B5E00FDEE4A /* AddBeerForm.swift in Sources */ = {isa = PBXBuildFile; fileRef = FB9688482B344B5E00FDEE4A /* AddBeerForm.swift */; };
		FB96884B2B344CB400FDEE4A /* ImagePicker.swift in Sources */ = {isa = PBXBuildFile; fileRef = FB96884A2B344CB400FDEE4A /* ImagePicker.swift */; };
		FB96884F2B344FE500FDEE4A /* CustomAlertView.swift in Sources */ = {isa = PBXBuildFile; fileRef = FB96884E2B344FE500FDEE4A /* CustomAlertView.swift */; };
		FB9688512B34610E00FDEE4A /* Images in Resources */ = {isa = PBXBuildFile; fileRef = FB9688502B34610E00FDEE4A /* Images */; };
		FBF9BEFD2B32F5A500D81159 /* AddManufacterForm.swift in Sources */ = {isa = PBXBuildFile; fileRef = FBF9BEFC2B32F5A500D81159 /* AddManufacterForm.swift */; };
		FBF9BF012B32F81F00D81159 /* BeerModel.swift in Sources */ = {isa = PBXBuildFile; fileRef = FBF9BF002B32F81F00D81159 /* BeerModel.swift */; };
		FBF9BF032B32FC9E00D81159 /* BeerDetailView.swift in Sources */ = {isa = PBXBuildFile; fileRef = FBF9BF022B32FC9E00D81159 /* BeerDetailView.swift */; };
/* End PBXBuildFile section */

/* Begin PBXContainerItemProxy section */
		FB4308AF2B19EF9B00AEAEC1 /* PBXContainerItemProxy */ = {
			isa = PBXContainerItemProxy;
			containerPortal = FB4308962B19EF9A00AEAEC1 /* Project object */;
			proxyType = 1;
			remoteGlobalIDString = FB43089D2B19EF9B00AEAEC1;
			remoteInfo = Beer;
		};
		FB4308B92B19EF9C00AEAEC1 /* PBXContainerItemProxy */ = {
			isa = PBXContainerItemProxy;
			containerPortal = FB4308962B19EF9A00AEAEC1 /* Project object */;
			proxyType = 1;
			remoteGlobalIDString = FB43089D2B19EF9B00AEAEC1;
			remoteInfo = Beer;
		};
/* End PBXContainerItemProxy section */

/* Begin PBXFileReference section */
		FB43089E2B19EF9B00AEAEC1 /* Beer.app */ = {isa = PBXFileReference; explicitFileType = wrapper.application; includeInIndex = 0; path = Beer.app; sourceTree = BUILT_PRODUCTS_DIR; };
		FB4308A12B19EF9B00AEAEC1 /* BeerApp.swift */ = {isa = PBXFileReference; lastKnownFileType = sourcecode.swift; path = BeerApp.swift; sourceTree = "<group>"; };
		FB4308A32B19EF9B00AEAEC1 /* ContentView.swift */ = {isa = PBXFileReference; lastKnownFileType = sourcecode.swift; path = ContentView.swift; sourceTree = "<group>"; };
		FB4308A52B19EF9B00AEAEC1 /* Assets.xcassets */ = {isa = PBXFileReference; lastKnownFileType = folder.assetcatalog; path = Assets.xcassets; sourceTree = "<group>"; };
		FB4308A82B19EF9B00AEAEC1 /* Preview Assets.xcassets */ = {isa = PBXFileReference; lastKnownFileType = folder.assetcatalog; path = "Preview Assets.xcassets"; sourceTree = "<group>"; };
		FB4308AE2B19EF9B00AEAEC1 /* BeerTests.xctest */ = {isa = PBXFileReference; explicitFileType = wrapper.cfbundle; includeInIndex = 0; path = BeerTests.xctest; sourceTree = BUILT_PRODUCTS_DIR; };
		FB4308B22B19EF9C00AEAEC1 /* BeerTests.swift */ = {isa = PBXFileReference; lastKnownFileType = sourcecode.swift; path = BeerTests.swift; sourceTree = "<group>"; };
		FB4308B82B19EF9C00AEAEC1 /* BeerUITests.xctest */ = {isa = PBXFileReference; explicitFileType = wrapper.cfbundle; includeInIndex = 0; path = BeerUITests.xctest; sourceTree = BUILT_PRODUCTS_DIR; };
		FB4308BC2B19EF9C00AEAEC1 /* BeerUITests.swift */ = {isa = PBXFileReference; lastKnownFileType = sourcecode.swift; path = BeerUITests.swift; sourceTree = "<group>"; };
		FB4308BE2B19EF9C00AEAEC1 /* BeerUITestsLaunchTests.swift */ = {isa = PBXFileReference; lastKnownFileType = sourcecode.swift; path = BeerUITestsLaunchTests.swift; sourceTree = "<group>"; };
		FB4308CD2B19F00E00AEAEC1 /* ManufacterDetailView.swift */ = {isa = PBXFileReference; lastKnownFileType = sourcecode.swift; path = ManufacterDetailView.swift; sourceTree = "<group>"; };
		FB64E60F2B335D9F000F0674 /* MView.swift */ = {isa = PBXFileReference; lastKnownFileType = sourcecode.swift; path = MView.swift; sourceTree = "<group>"; };
		FB64E6112B33657D000F0674 /* Beers.json */ = {isa = PBXFileReference; fileEncoding = 4; lastKnownFileType = text.json; path = Beers.json; sourceTree = "<group>"; };
		FB64E6132B3366E6000F0674 /* Manufacters.json */ = {isa = PBXFileReference; fileEncoding = 4; lastKnownFileType = text.json; path = Manufacters.json; sourceTree = "<group>"; };
		FB64E6152B33672B000F0674 /* BeerScreen.storyboard */ = {isa = PBXFileReference; lastKnownFileType = file.storyboard; path = BeerScreen.storyboard; sourceTree = "<group>"; };
		FB9688482B344B5E00FDEE4A /* AddBeerForm.swift */ = {isa = PBXFileReference; lastKnownFileType = sourcecode.swift; path = AddBeerForm.swift; sourceTree = "<group>"; };
		FB96884A2B344CB400FDEE4A /* ImagePicker.swift */ = {isa = PBXFileReference; lastKnownFileType = sourcecode.swift; path = ImagePicker.swift; sourceTree = "<group>"; };
		FB96884E2B344FE500FDEE4A /* CustomAlertView.swift */ = {isa = PBXFileReference; lastKnownFileType = sourcecode.swift; path = CustomAlertView.swift; sourceTree = "<group>"; };
		FB9688502B34610E00FDEE4A /* Images */ = {isa = PBXFileReference; lastKnownFileType = folder; name = Images; path = Assets.xcassets/Images; sourceTree = "<group>"; };
		FBF9BEFC2B32F5A500D81159 /* AddManufacterForm.swift */ = {isa = PBXFileReference; lastKnownFileType = sourcecode.swift; path = AddManufacterForm.swift; sourceTree = "<group>"; };
		FBF9BF002B32F81F00D81159 /* BeerModel.swift */ = {isa = PBXFileReference; lastKnownFileType = sourcecode.swift; path = BeerModel.swift; sourceTree = "<group>"; };
		FBF9BF022B32FC9E00D81159 /* BeerDetailView.swift */ = {isa = PBXFileReference; lastKnownFileType = sourcecode.swift; path = BeerDetailView.swift; sourceTree = "<group>"; };
/* End PBXFileReference section */

/* Begin PBXFrameworksBuildPhase section */
		FB43089B2B19EF9B00AEAEC1 /* Frameworks */ = {
			isa = PBXFrameworksBuildPhase;
			buildActionMask = 2147483647;
			files = (
			);
			runOnlyForDeploymentPostprocessing = 0;
		};
		FB4308AB2B19EF9B00AEAEC1 /* Frameworks */ = {
			isa = PBXFrameworksBuildPhase;
			buildActionMask = 2147483647;
			files = (
			);
			runOnlyForDeploymentPostprocessing = 0;
		};
		FB4308B52B19EF9C00AEAEC1 /* Frameworks */ = {
			isa = PBXFrameworksBuildPhase;
			buildActionMask = 2147483647;
			files = (
			);
			runOnlyForDeploymentPostprocessing = 0;
		};
/* End PBXFrameworksBuildPhase section */

/* Begin PBXGroup section */
		FB4308952B19EF9A00AEAEC1 = {
			isa = PBXGroup;
			children = (
				FB4308A02B19EF9B00AEAEC1 /* Beer */,
				FB4308B12B19EF9C00AEAEC1 /* BeerTests */,
				FB4308BB2B19EF9C00AEAEC1 /* BeerUITests */,
				FB43089F2B19EF9B00AEAEC1 /* Products */,
			);
			sourceTree = "<group>";
		};
		FB43089F2B19EF9B00AEAEC1 /* Products */ = {
			isa = PBXGroup;
			children = (
				FB43089E2B19EF9B00AEAEC1 /* Beer.app */,
				FB4308AE2B19EF9B00AEAEC1 /* BeerTests.xctest */,
				FB4308B82B19EF9C00AEAEC1 /* BeerUITests.xctest */,
			);
			name = Products;
			sourceTree = "<group>";
		};
		FB4308A02B19EF9B00AEAEC1 /* Beer */ = {
			isa = PBXGroup;
			children = (
				FB64E6132B3366E6000F0674 /* Manufacters.json */,
				FB64E6112B33657D000F0674 /* Beers.json */,
				FB4308A12B19EF9B00AEAEC1 /* BeerApp.swift */,
				FB4308A32B19EF9B00AEAEC1 /* ContentView.swift */,
				FB4308A52B19EF9B00AEAEC1 /* Assets.xcassets */,
				FB9688502B34610E00FDEE4A /* Images */,
				FB4308A72B19EF9B00AEAEC1 /* Preview Content */,
				FB4308CD2B19F00E00AEAEC1 /* ManufacterDetailView.swift */,
				FBF9BEFC2B32F5A500D81159 /* AddManufacterForm.swift */,
				FBF9BF002B32F81F00D81159 /* BeerModel.swift */,
				FBF9BF022B32FC9E00D81159 /* BeerDetailView.swift */,
				FB64E60F2B335D9F000F0674 /* MView.swift */,
				FB64E6152B33672B000F0674 /* BeerScreen.storyboard */,
				FB9688482B344B5E00FDEE4A /* AddBeerForm.swift */,
				FB96884A2B344CB400FDEE4A /* ImagePicker.swift */,
				FB96884E2B344FE500FDEE4A /* CustomAlertView.swift */,
			);
			path = Beer;
			sourceTree = "<group>";
		};
		FB4308A72B19EF9B00AEAEC1 /* Preview Content */ = {
			isa = PBXGroup;
			children = (
				FB4308A82B19EF9B00AEAEC1 /* Preview Assets.xcassets */,
			);
			path = "Preview Content";
			sourceTree = "<group>";
		};
		FB4308B12B19EF9C00AEAEC1 /* BeerTests */ = {
			isa = PBXGroup;
			children = (
				FB4308B22B19EF9C00AEAEC1 /* BeerTests.swift */,
			);
			path = BeerTests;
			sourceTree = "<group>";
		};
		FB4308BB2B19EF9C00AEAEC1 /* BeerUITests */ = {
			isa = PBXGroup;
			children = (
				FB4308BC2B19EF9C00AEAEC1 /* BeerUITests.swift */,
				FB4308BE2B19EF9C00AEAEC1 /* BeerUITestsLaunchTests.swift */,
			);
			path = BeerUITests;
			sourceTree = "<group>";
		};
/* End PBXGroup section */

/* Begin PBXNativeTarget section */
		FB43089D2B19EF9B00AEAEC1 /* Beer */ = {
			isa = PBXNativeTarget;
			buildConfigurationList = FB4308C22B19EF9C00AEAEC1 /* Build configuration list for PBXNativeTarget "Beer" */;
			buildPhases = (
				FB43089A2B19EF9B00AEAEC1 /* Sources */,
				FB43089B2B19EF9B00AEAEC1 /* Frameworks */,
				FB43089C2B19EF9B00AEAEC1 /* Resources */,
			);
			buildRules = (
			);
			dependencies = (
			);
			name = Beer;
			productName = Beer;
			productReference = FB43089E2B19EF9B00AEAEC1 /* Beer.app */;
			productType = "com.apple.product-type.application";
		};
		FB4308AD2B19EF9B00AEAEC1 /* BeerTests */ = {
			isa = PBXNativeTarget;
			buildConfigurationList = FB4308C52B19EF9C00AEAEC1 /* Build configuration list for PBXNativeTarget "BeerTests" */;
			buildPhases = (
				FB4308AA2B19EF9B00AEAEC1 /* Sources */,
				FB4308AB2B19EF9B00AEAEC1 /* Frameworks */,
				FB4308AC2B19EF9B00AEAEC1 /* Resources */,
			);
			buildRules = (
			);
			dependencies = (
				FB4308B02B19EF9B00AEAEC1 /* PBXTargetDependency */,
			);
			name = BeerTests;
			productName = BeerTests;
			productReference = FB4308AE2B19EF9B00AEAEC1 /* BeerTests.xctest */;
			productType = "com.apple.product-type.bundle.unit-test";
		};
		FB4308B72B19EF9C00AEAEC1 /* BeerUITests */ = {
			isa = PBXNativeTarget;
			buildConfigurationList = FB4308C82B19EF9C00AEAEC1 /* Build configuration list for PBXNativeTarget "BeerUITests" */;
			buildPhases = (
				FB4308B42B19EF9C00AEAEC1 /* Sources */,
				FB4308B52B19EF9C00AEAEC1 /* Frameworks */,
				FB4308B62B19EF9C00AEAEC1 /* Resources */,
			);
			buildRules = (
			);
			dependencies = (
				FB4308BA2B19EF9C00AEAEC1 /* PBXTargetDependency */,
			);
			name = BeerUITests;
			productName = BeerUITests;
			productReference = FB4308B82B19EF9C00AEAEC1 /* BeerUITests.xctest */;
			productType = "com.apple.product-type.bundle.ui-testing";
		};
/* End PBXNativeTarget section */

/* Begin PBXProject section */
		FB4308962B19EF9A00AEAEC1 /* Project object */ = {
			isa = PBXProject;
			attributes = {
				BuildIndependentTargetsInParallel = 1;
				LastSwiftUpdateCheck = 1430;
				LastUpgradeCheck = 1430;
				TargetAttributes = {
					FB43089D2B19EF9B00AEAEC1 = {
						CreatedOnToolsVersion = 14.3.1;
					};
					FB4308AD2B19EF9B00AEAEC1 = {
						CreatedOnToolsVersion = 14.3.1;
						TestTargetID = FB43089D2B19EF9B00AEAEC1;
					};
					FB4308B72B19EF9C00AEAEC1 = {
						CreatedOnToolsVersion = 14.3.1;
						TestTargetID = FB43089D2B19EF9B00AEAEC1;
					};
				};
			};
			buildConfigurationList = FB4308992B19EF9A00AEAEC1 /* Build configuration list for PBXProject "Beer" */;
			compatibilityVersion = "Xcode 14.0";
			developmentRegion = en;
			hasScannedForEncodings = 0;
			knownRegions = (
				en,
				Base,
			);
			mainGroup = FB4308952B19EF9A00AEAEC1;
			productRefGroup = FB43089F2B19EF9B00AEAEC1 /* Products */;
			projectDirPath = "";
			projectRoot = "";
			targets = (
				FB43089D2B19EF9B00AEAEC1 /* Beer */,
				FB4308AD2B19EF9B00AEAEC1 /* BeerTests */,
				FB4308B72B19EF9C00AEAEC1 /* BeerUITests */,
			);
		};
/* End PBXProject section */

/* Begin PBXResourcesBuildPhase section */
		FB43089C2B19EF9B00AEAEC1 /* Resources */ = {
			isa = PBXResourcesBuildPhase;
			buildActionMask = 2147483647;
			files = (
				FB4308A92B19EF9B00AEAEC1 /* Preview Assets.xcassets in Resources */,
				FB64E6142B3366E7000F0674 /* Manufacters.json in Resources */,
				FB4308A62B19EF9B00AEAEC1 /* Assets.xcassets in Resources */,
				FB64E6122B33657D000F0674 /* Beers.json in Resources */,
				FB9688512B34610E00FDEE4A /* Images in Resources */,
				FB64E6162B33672B000F0674 /* BeerScreen.storyboard in Resources */,
			);
			runOnlyForDeploymentPostprocessing = 0;
		};
		FB4308AC2B19EF9B00AEAEC1 /* Resources */ = {
			isa = PBXResourcesBuildPhase;
			buildActionMask = 2147483647;
			files = (
			);
			runOnlyForDeploymentPostprocessing = 0;
		};
		FB4308B62B19EF9C00AEAEC1 /* Resources */ = {
			isa = PBXResourcesBuildPhase;
			buildActionMask = 2147483647;
			files = (
			);
			runOnlyForDeploymentPostprocessing = 0;
		};
/* End PBXResourcesBuildPhase section */

/* Begin PBXSourcesBuildPhase section */
		FB43089A2B19EF9B00AEAEC1 /* Sources */ = {
			isa = PBXSourcesBuildPhase;
			buildActionMask = 2147483647;
			files = (
				FB96884F2B344FE500FDEE4A /* CustomAlertView.swift in Sources */,
				FB4308A42B19EF9B00AEAEC1 /* ContentView.swift in Sources */,
				FB4308CE2B19F00E00AEAEC1 /* ManufacterDetailView.swift in Sources */,
				FBF9BF032B32FC9E00D81159 /* BeerDetailView.swift in Sources */,
				FB96884B2B344CB400FDEE4A /* ImagePicker.swift in Sources */,
				FBF9BF012B32F81F00D81159 /* BeerModel.swift in Sources */,
				FB4308A22B19EF9B00AEAEC1 /* BeerApp.swift in Sources */,
				FB64E6102B335D9F000F0674 /* MView.swift in Sources */,
				FBF9BEFD2B32F5A500D81159 /* AddManufacterForm.swift in Sources */,
				FB9688492B344B5E00FDEE4A /* AddBeerForm.swift in Sources */,
			);
			runOnlyForDeploymentPostprocessing = 0;
		};
		FB4308AA2B19EF9B00AEAEC1 /* Sources */ = {
			isa = PBXSourcesBuildPhase;
			buildActionMask = 2147483647;
			files = (
				FB4308B32B19EF9C00AEAEC1 /* BeerTests.swift in Sources */,
			);
			runOnlyForDeploymentPostprocessing = 0;
		};
		FB4308B42B19EF9C00AEAEC1 /* Sources */ = {
			isa = PBXSourcesBuildPhase;
			buildActionMask = 2147483647;
			files = (
				FB4308BF2B19EF9C00AEAEC1 /* BeerUITestsLaunchTests.swift in Sources */,
				FB4308BD2B19EF9C00AEAEC1 /* BeerUITests.swift in Sources */,
			);
			runOnlyForDeploymentPostprocessing = 0;
		};
/* End PBXSourcesBuildPhase section */

/* Begin PBXTargetDependency section */
		FB4308B02B19EF9B00AEAEC1 /* PBXTargetDependency */ = {
			isa = PBXTargetDependency;
			target = FB43089D2B19EF9B00AEAEC1 /* Beer */;
			targetProxy = FB4308AF2B19EF9B00AEAEC1 /* PBXContainerItemProxy */;
		};
		FB4308BA2B19EF9C00AEAEC1 /* PBXTargetDependency */ = {
			isa = PBXTargetDependency;
			target = FB43089D2B19EF9B00AEAEC1 /* Beer */;
			targetProxy = FB4308B92B19EF9C00AEAEC1 /* PBXContainerItemProxy */;
		};
/* End PBXTargetDependency section */

/* Begin XCBuildConfiguration section */
		FB4308C02B19EF9C00AEAEC1 /* Debug */ = {
			isa = XCBuildConfiguration;
			buildSettings = {
				ALWAYS_SEARCH_USER_PATHS = NO;
				CLANG_ANALYZER_NONNULL = YES;
				CLANG_ANALYZER_NUMBER_OBJECT_CONVERSION = YES_AGGRESSIVE;
				CLANG_CXX_LANGUAGE_STANDARD = "gnu++20";
				CLANG_ENABLE_MODULES = YES;
				CLANG_ENABLE_OBJC_ARC = YES;
				CLANG_ENABLE_OBJC_WEAK = YES;
				CLANG_WARN_BLOCK_CAPTURE_AUTORELEASING = YES;
				CLANG_WARN_BOOL_CONVERSION = YES;
				CLANG_WARN_COMMA = YES;
				CLANG_WARN_CONSTANT_CONVERSION = YES;
				CLANG_WARN_DEPRECATED_OBJC_IMPLEMENTATIONS = YES;
				CLANG_WARN_DIRECT_OBJC_ISA_USAGE = YES_ERROR;
				CLANG_WARN_DOCUMENTATION_COMMENTS = YES;
				CLANG_WARN_EMPTY_BODY = YES;
				CLANG_WARN_ENUM_CONVERSION = YES;
				CLANG_WARN_INFINITE_RECURSION = YES;
				CLANG_WARN_INT_CONVERSION = YES;
				CLANG_WARN_NON_LITERAL_NULL_CONVERSION = YES;
				CLANG_WARN_OBJC_IMPLICIT_RETAIN_SELF = YES;
				CLANG_WARN_OBJC_LITERAL_CONVERSION = YES;
				CLANG_WARN_OBJC_ROOT_CLASS = YES_ERROR;
				CLANG_WARN_QUOTED_INCLUDE_IN_FRAMEWORK_HEADER = YES;
				CLANG_WARN_RANGE_LOOP_ANALYSIS = YES;
				CLANG_WARN_STRICT_PROTOTYPES = YES;
				CLANG_WARN_SUSPICIOUS_MOVE = YES;
				CLANG_WARN_UNGUARDED_AVAILABILITY = YES_AGGRESSIVE;
				CLANG_WARN_UNREACHABLE_CODE = YES;
				CLANG_WARN__DUPLICATE_METHOD_MATCH = YES;
				COPY_PHASE_STRIP = NO;
				DEBUG_INFORMATION_FORMAT = dwarf;
				ENABLE_STRICT_OBJC_MSGSEND = YES;
				ENABLE_TESTABILITY = YES;
				GCC_C_LANGUAGE_STANDARD = gnu11;
				GCC_DYNAMIC_NO_PIC = NO;
				GCC_NO_COMMON_BLOCKS = YES;
				GCC_OPTIMIZATION_LEVEL = 0;
				GCC_PREPROCESSOR_DEFINITIONS = (
					"DEBUG=1",
					"$(inherited)",
				);
				GCC_WARN_64_TO_32_BIT_CONVERSION = YES;
				GCC_WARN_ABOUT_RETURN_TYPE = YES_ERROR;
				GCC_WARN_UNDECLARED_SELECTOR = YES;
				GCC_WARN_UNINITIALIZED_AUTOS = YES_AGGRESSIVE;
				GCC_WARN_UNUSED_FUNCTION = YES;
				GCC_WARN_UNUSED_VARIABLE = YES;
				IPHONEOS_DEPLOYMENT_TARGET = 16.4;
				MTL_ENABLE_DEBUG_INFO = INCLUDE_SOURCE;
				MTL_FAST_MATH = YES;
				ONLY_ACTIVE_ARCH = YES;
				SDKROOT = iphoneos;
				SWIFT_ACTIVE_COMPILATION_CONDITIONS = DEBUG;
				SWIFT_OPTIMIZATION_LEVEL = "-Onone";
			};
			name = Debug;
		};
		FB4308C12B19EF9C00AEAEC1 /* Release */ = {
			isa = XCBuildConfiguration;
			buildSettings = {
				ALWAYS_SEARCH_USER_PATHS = NO;
				CLANG_ANALYZER_NONNULL = YES;
				CLANG_ANALYZER_NUMBER_OBJECT_CONVERSION = YES_AGGRESSIVE;
				CLANG_CXX_LANGUAGE_STANDARD = "gnu++20";
				CLANG_ENABLE_MODULES = YES;
				CLANG_ENABLE_OBJC_ARC = YES;
				CLANG_ENABLE_OBJC_WEAK = YES;
				CLANG_WARN_BLOCK_CAPTURE_AUTORELEASING = YES;
				CLANG_WARN_BOOL_CONVERSION = YES;
				CLANG_WARN_COMMA = YES;
				CLANG_WARN_CONSTANT_CONVERSION = YES;
				CLANG_WARN_DEPRECATED_OBJC_IMPLEMENTATIONS = YES;
				CLANG_WARN_DIRECT_OBJC_ISA_USAGE = YES_ERROR;
				CLANG_WARN_DOCUMENTATION_COMMENTS = YES;
				CLANG_WARN_EMPTY_BODY = YES;
				CLANG_WARN_ENUM_CONVERSION = YES;
				CLANG_WARN_INFINITE_RECURSION = YES;
				CLANG_WARN_INT_CONVERSION = YES;
				CLANG_WARN_NON_LITERAL_NULL_CONVERSION = YES;
				CLANG_WARN_OBJC_IMPLICIT_RETAIN_SELF = YES;
				CLANG_WARN_OBJC_LITERAL_CONVERSION = YES;
				CLANG_WARN_OBJC_ROOT_CLASS = YES_ERROR;
				CLANG_WARN_QUOTED_INCLUDE_IN_FRAMEWORK_HEADER = YES;
				CLANG_WARN_RANGE_LOOP_ANALYSIS = YES;
				CLANG_WARN_STRICT_PROTOTYPES = YES;
				CLANG_WARN_SUSPICIOUS_MOVE = YES;
				CLANG_WARN_UNGUARDED_AVAILABILITY = YES_AGGRESSIVE;
				CLANG_WARN_UNREACHABLE_CODE = YES;
				CLANG_WARN__DUPLICATE_METHOD_MATCH = YES;
				COPY_PHASE_STRIP = NO;
				DEBUG_INFORMATION_FORMAT = "dwarf-with-dsym";
				ENABLE_NS_ASSERTIONS = NO;
				ENABLE_STRICT_OBJC_MSGSEND = YES;
				GCC_C_LANGUAGE_STANDARD = gnu11;
				GCC_NO_COMMON_BLOCKS = YES;
				GCC_WARN_64_TO_32_BIT_CONVERSION = YES;
				GCC_WARN_ABOUT_RETURN_TYPE = YES_ERROR;
				GCC_WARN_UNDECLARED_SELECTOR = YES;
				GCC_WARN_UNINITIALIZED_AUTOS = YES_AGGRESSIVE;
				GCC_WARN_UNUSED_FUNCTION = YES;
				GCC_WARN_UNUSED_VARIABLE = YES;
				IPHONEOS_DEPLOYMENT_TARGET = 16.4;
				MTL_ENABLE_DEBUG_INFO = NO;
				MTL_FAST_MATH = YES;
				SDKROOT = iphoneos;
				SWIFT_COMPILATION_MODE = wholemodule;
				SWIFT_OPTIMIZATION_LEVEL = "-O";
				VALIDATE_PRODUCT = YES;
			};
			name = Release;
		};
		FB4308C32B19EF9C00AEAEC1 /* Debug */ = {
			isa = XCBuildConfiguration;
			buildSettings = {
				ASSETCATALOG_COMPILER_APPICON_NAME = AppIcon;
				ASSETCATALOG_COMPILER_GLOBAL_ACCENT_COLOR_NAME = AccentColor;
				CODE_SIGN_STYLE = Automatic;
				CURRENT_PROJECT_VERSION = 1;
				DEVELOPMENT_ASSET_PATHS = "\"Beer/Preview Content\"";
				ENABLE_PREVIEWS = YES;
				GENERATE_INFOPLIST_FILE = YES;
				INFOPLIST_KEY_UIApplicationSceneManifest_Generation = YES;
				INFOPLIST_KEY_UIApplicationSupportsIndirectInputEvents = YES;
				INFOPLIST_KEY_UILaunchScreen_Generation = YES;
				INFOPLIST_KEY_UISupportedInterfaceOrientations_iPad = "UIInterfaceOrientationPortrait UIInterfaceOrientationPortraitUpsideDown UIInterfaceOrientationLandscapeLeft UIInterfaceOrientationLandscapeRight";
				INFOPLIST_KEY_UISupportedInterfaceOrientations_iPhone = "UIInterfaceOrientationPortrait UIInterfaceOrientationLandscapeLeft UIInterfaceOrientationLandscapeRight";
				LD_RUNPATH_SEARCH_PATHS = (
					"$(inherited)",
					"@executable_path/Frameworks",
				);
				MARKETING_VERSION = 1.0;
				PRODUCT_BUNDLE_IDENTIFIER = afaf.Beer;
				PRODUCT_NAME = "$(TARGET_NAME)";
				SWIFT_EMIT_LOC_STRINGS = YES;
				SWIFT_VERSION = 5.0;
				TARGETED_DEVICE_FAMILY = "1,2";
			};
			name = Debug;
		};
		FB4308C42B19EF9C00AEAEC1 /* Release */ = {
			isa = XCBuildConfiguration;
			buildSettings = {
				ASSETCATALOG_COMPILER_APPICON_NAME = AppIcon;
				ASSETCATALOG_COMPILER_GLOBAL_ACCENT_COLOR_NAME = AccentColor;
				CODE_SIGN_STYLE = Automatic;
				CURRENT_PROJECT_VERSION = 1;
				DEVELOPMENT_ASSET_PATHS = "\"Beer/Preview Content\"";
				ENABLE_PREVIEWS = YES;
				GENERATE_INFOPLIST_FILE = YES;
				INFOPLIST_KEY_UIApplicationSceneManifest_Generation = YES;
				INFOPLIST_KEY_UIApplicationSupportsIndirectInputEvents = YES;
				INFOPLIST_KEY_UILaunchScreen_Generation = YES;
				INFOPLIST_KEY_UISupportedInterfaceOrientations_iPad = "UIInterfaceOrientationPortrait UIInterfaceOrientationPortraitUpsideDown UIInterfaceOrientationLandscapeLeft UIInterfaceOrientationLandscapeRight";
				INFOPLIST_KEY_UISupportedInterfaceOrientations_iPhone = "UIInterfaceOrientationPortrait UIInterfaceOrientationLandscapeLeft UIInterfaceOrientationLandscapeRight";
				LD_RUNPATH_SEARCH_PATHS = (
					"$(inherited)",
					"@executable_path/Frameworks",
				);
				MARKETING_VERSION = 1.0;
				PRODUCT_BUNDLE_IDENTIFIER = afaf.Beer;
				PRODUCT_NAME = "$(TARGET_NAME)";
				SWIFT_EMIT_LOC_STRINGS = YES;
				SWIFT_VERSION = 5.0;
				TARGETED_DEVICE_FAMILY = "1,2";
			};
			name = Release;
		};
		FB4308C62B19EF9C00AEAEC1 /* Debug */ = {
			isa = XCBuildConfiguration;
			buildSettings = {
				ALWAYS_EMBED_SWIFT_STANDARD_LIBRARIES = YES;
				BUNDLE_LOADER = "$(TEST_HOST)";
				CODE_SIGN_STYLE = Automatic;
				CURRENT_PROJECT_VERSION = 1;
				GENERATE_INFOPLIST_FILE = YES;
				IPHONEOS_DEPLOYMENT_TARGET = 16.4;
				MARKETING_VERSION = 1.0;
				PRODUCT_BUNDLE_IDENTIFIER = afaf.BeerTests;
				PRODUCT_NAME = "$(TARGET_NAME)";
				SWIFT_EMIT_LOC_STRINGS = NO;
				SWIFT_VERSION = 5.0;
				TARGETED_DEVICE_FAMILY = "1,2";
				TEST_HOST = "$(BUILT_PRODUCTS_DIR)/Beer.app/$(BUNDLE_EXECUTABLE_FOLDER_PATH)/Beer";
			};
			name = Debug;
		};
		FB4308C72B19EF9C00AEAEC1 /* Release */ = {
			isa = XCBuildConfiguration;
			buildSettings = {
				ALWAYS_EMBED_SWIFT_STANDARD_LIBRARIES = YES;
				BUNDLE_LOADER = "$(TEST_HOST)";
				CODE_SIGN_STYLE = Automatic;
				CURRENT_PROJECT_VERSION = 1;
				GENERATE_INFOPLIST_FILE = YES;
				IPHONEOS_DEPLOYMENT_TARGET = 16.4;
				MARKETING_VERSION = 1.0;
				PRODUCT_BUNDLE_IDENTIFIER = afaf.BeerTests;
				PRODUCT_NAME = "$(TARGET_NAME)";
				SWIFT_EMIT_LOC_STRINGS = NO;
				SWIFT_VERSION = 5.0;
				TARGETED_DEVICE_FAMILY = "1,2";
				TEST_HOST = "$(BUILT_PRODUCTS_DIR)/Beer.app/$(BUNDLE_EXECUTABLE_FOLDER_PATH)/Beer";
			};
			name = Release;
		};
		FB4308C92B19EF9C00AEAEC1 /* Debug */ = {
			isa = XCBuildConfiguration;
			buildSettings = {
				ALWAYS_EMBED_SWIFT_STANDARD_LIBRARIES = YES;
				CODE_SIGN_STYLE = Automatic;
				CURRENT_PROJECT_VERSION = 1;
				GENERATE_INFOPLIST_FILE = YES;
				MARKETING_VERSION = 1.0;
				PRODUCT_BUNDLE_IDENTIFIER = afaf.BeerUITests;
				PRODUCT_NAME = "$(TARGET_NAME)";
				SWIFT_EMIT_LOC_STRINGS = NO;
				SWIFT_VERSION = 5.0;
				TARGETED_DEVICE_FAMILY = "1,2";
				TEST_TARGET_NAME = Beer;
			};
			name = Debug;
		};
		FB4308CA2B19EF9C00AEAEC1 /* Release */ = {
			isa = XCBuildConfiguration;
			buildSettings = {
				ALWAYS_EMBED_SWIFT_STANDARD_LIBRARIES = YES;
				CODE_SIGN_STYLE = Automatic;
				CURRENT_PROJECT_VERSION = 1;
				GENERATE_INFOPLIST_FILE = YES;
				MARKETING_VERSION = 1.0;
				PRODUCT_BUNDLE_IDENTIFIER = afaf.BeerUITests;
				PRODUCT_NAME = "$(TARGET_NAME)";
				SWIFT_EMIT_LOC_STRINGS = NO;
				SWIFT_VERSION = 5.0;
				TARGETED_DEVICE_FAMILY = "1,2";
				TEST_TARGET_NAME = Beer;
			};
			name = Release;
		};
/* End XCBuildConfiguration section */

/* Begin XCConfigurationList section */
		FB4308992B19EF9A00AEAEC1 /* Build configuration list for PBXProject "Beer" */ = {
			isa = XCConfigurationList;
			buildConfigurations = (
				FB4308C02B19EF9C00AEAEC1 /* Debug */,
				FB4308C12B19EF9C00AEAEC1 /* Release */,
			);
			defaultConfigurationIsVisible = 0;
			defaultConfigurationName = Release;
		};
		FB4308C22B19EF9C00AEAEC1 /* Build configuration list for PBXNativeTarget "Beer" */ = {
			isa = XCConfigurationList;
			buildConfigurations = (
				FB4308C32B19EF9C00AEAEC1 /* Debug */,
				FB4308C42B19EF9C00AEAEC1 /* Release */,
			);
			defaultConfigurationIsVisible = 0;
			defaultConfigurationName = Release;
		};
		FB4308C52B19EF9C00AEAEC1 /* Build configuration list for PBXNativeTarget "BeerTests" */ = {
			isa = XCConfigurationList;
			buildConfigurations = (
				FB4308C62B19EF9C00AEAEC1 /* Debug */,
				FB4308C72B19EF9C00AEAEC1 /* Release */,
			);
			defaultConfigurationIsVisible = 0;
			defaultConfigurationName = Release;
		};
		FB4308C82B19EF9C00AEAEC1 /* Build configuration list for PBXNativeTarget "BeerUITests" */ = {
			isa = XCConfigurationList;
			buildConfigurations = (
				FB4308C92B19EF9C00AEAEC1 /* Debug */,
				FB4308CA2B19EF9C00AEAEC1 /* Release */,
			);
			defaultConfigurationIsVisible = 0;
			defaultConfigurationName = Release;
		};
/* End XCConfigurationList section */
	};
	rootObject = FB4308962B19EF9A00AEAEC1 /* Project object */;
}
